// !$*UTF8*$!
{
	archiveVersion = 1;
	classes = {
	};
	objectVersion = 50;
	objects = {

/* Begin PBXBuildFile section */
		A543D25B24D81E1E00A6F764 /* AppDelegate.swift in Sources */ = {isa = PBXBuildFile; fileRef = A543D25A24D81E1E00A6F764 /* AppDelegate.swift */; };
		A543D25D24D81E1E00A6F764 /* SceneDelegate.swift in Sources */ = {isa = PBXBuildFile; fileRef = A543D25C24D81E1E00A6F764 /* SceneDelegate.swift */; };
		A543D25F24D81E1E00A6F764 /* FirstViewController.swift in Sources */ = {isa = PBXBuildFile; fileRef = A543D25E24D81E1E00A6F764 /* FirstViewController.swift */; };
		A543D26224D81E1E00A6F764 /* Main.storyboard in Resources */ = {isa = PBXBuildFile; fileRef = A543D26024D81E1E00A6F764 /* Main.storyboard */; };
		A543D26424D81E1F00A6F764 /* Assets.xcassets in Resources */ = {isa = PBXBuildFile; fileRef = A543D26324D81E1F00A6F764 /* Assets.xcassets */; };
		A543D26724D81E1F00A6F764 /* LaunchScreen.storyboard in Resources */ = {isa = PBXBuildFile; fileRef = A543D26524D81E1F00A6F764 /* LaunchScreen.storyboard */; };
		A543D27124D820C400A6F764 /* SecondViewController.swift in Sources */ = {isa = PBXBuildFile; fileRef = A543D27024D820C400A6F764 /* SecondViewController.swift */; };
/* End PBXBuildFile section */

/* Begin PBXFileReference section */
		A543D25724D81E1E00A6F764 /* Data Transfer.app */ = {isa = PBXFileReference; explicitFileType = wrapper.application; includeInIndex = 0; path = "Data Transfer.app"; sourceTree = BUILT_PRODUCTS_DIR; };
		A543D25A24D81E1E00A6F764 /* AppDelegate.swift */ = {isa = PBXFileReference; lastKnownFileType = sourcecode.swift; path = AppDelegate.swift; sourceTree = "<group>"; };
		A543D25C24D81E1E00A6F764 /* SceneDelegate.swift */ = {isa = PBXFileReference; lastKnownFileType = sourcecode.swift; path = SceneDelegate.swift; sourceTree = "<group>"; };
		A543D25E24D81E1E00A6F764 /* FirstViewController.swift */ = {isa = PBXFileReference; lastKnownFileType = sourcecode.swift; path = FirstViewController.swift; sourceTree = "<group>"; };
		A543D26124D81E1E00A6F764 /* Base */ = {isa = PBXFileReference; lastKnownFileType = file.storyboard; name = Base; path = Base.lproj/Main.storyboard; sourceTree = "<group>"; };
		A543D26324D81E1F00A6F764 /* Assets.xcassets */ = {isa = PBXFileReference; lastKnownFileType = folder.assetcatalog; path = Assets.xcassets; sourceTree = "<group>"; };
		A543D26624D81E1F00A6F764 /* Base */ = {isa = PBXFileReference; lastKnownFileType = file.storyboard; name = Base; path = Base.lproj/LaunchScreen.storyboard; sourceTree = "<group>"; };
		A543D26824D81E1F00A6F764 /* Info.plist */ = {isa = PBXFileReference; lastKnownFileType = text.plist.xml; path = Info.plist; sourceTree = "<group>"; };
		A543D27024D820C400A6F764 /* SecondViewController.swift */ = {isa = PBXFileReference; lastKnownFileType = sourcecode.swift; name = SecondViewController.swift; path = ../SecondViewController.swift; sourceTree = "<group>"; };
/* End PBXFileReference section */

/* Begin PBXFrameworksBuildPhase section */
		A543D25424D81E1E00A6F764 /* Frameworks */ = {
			isa = PBXFrameworksBuildPhase;
			buildActionMask = 2147483647;
			files = (
			);
			runOnlyForDeploymentPostprocessing = 0;
		};
/* End PBXFrameworksBuildPhase section */

/* Begin PBXGroup section */
		A543D24E24D81E1E00A6F764 = {
			isa = PBXGroup;
			children = (
				A543D25924D81E1E00A6F764 /* Data Transfer */,
				A543D25824D81E1E00A6F764 /* Products */,
			);
			sourceTree = "<group>";
		};
		A543D25824D81E1E00A6F764 /* Products */ = {
			isa = PBXGroup;
			children = (
				A543D25724D81E1E00A6F764 /* Data Transfer.app */,
			);
			name = Products;
			sourceTree = "<group>";
		};
		A543D25924D81E1E00A6F764 /* Data Transfer */ = {
			isa = PBXGroup;
			children = (
				A543D25A24D81E1E00A6F764 /* AppDelegate.swift */,
				A543D25C24D81E1E00A6F764 /* SceneDelegate.swift */,
				A543D25E24D81E1E00A6F764 /* FirstViewController.swift */,
				A543D27024D820C400A6F764 /* SecondViewController.swift */,
				A543D26024D81E1E00A6F764 /* Main.storyboard */,
				A543D26324D81E1F00A6F764 /* Assets.xcassets */,
				A543D26524D81E1F00A6F764 /* LaunchScreen.storyboard */,
				A543D26824D81E1F00A6F764 /* Info.plist */,
			);
			path = "Data Transfer";
			sourceTree = "<group>";
		};
/* End PBXGroup section */

/* Begin PBXNativeTarget section */
		A543D25624D81E1E00A6F764 /* Data Transfer */ = {
			isa = PBXNativeTarget;
			buildConfigurationList = A543D26B24D81E1F00A6F764 /* Build configuration list for PBXNativeTarget "Data Transfer" */;
			buildPhases = (
				A543D25324D81E1E00A6F764 /* Sources */,
				A543D25424D81E1E00A6F764 /* Frameworks */,
				A543D25524D81E1E00A6F764 /* Resources */,
			);
			buildRules = (
			);
			dependencies = (
			);
			name = "Data Transfer";
			productName = "Data Transfer";
			productReference = A543D25724D81E1E00A6F764 /* Data Transfer.app */;
			productType = "com.apple.product-type.application";
		};
/* End PBXNativeTarget section */

/* Begin PBXProject section */
		A543D24F24D81E1E00A6F764 /* Project object */ = {
			isa = PBXProject;
			attributes = {
				LastSwiftUpdateCheck = 1120;
				LastUpgradeCheck = 1120;
				ORGANIZATIONNAME = "be RUPU";
				TargetAttributes = {
					A543D25624D81E1E00A6F764 = {
						CreatedOnToolsVersion = 11.2;
					};
				};
			};
			buildConfigurationList = A543D25224D81E1E00A6F764 /* Build configuration list for PBXProject "Data Transfer" */;
			compatibilityVersion = "Xcode 9.3";
			developmentRegion = en;
			hasScannedForEncodings = 0;
			knownRegions = (
				en,
				Base,
			);
			mainGroup = A543D24E24D81E1E00A6F764;
			productRefGroup = A543D25824D81E1E00A6F764 /* Products */;
			projectDirPath = "";
			projectRoot = "";
			targets = (
				A543D25624D81E1E00A6F764 /* Data Transfer */,
			);
		};
/* End PBXProject section */

/* Begin PBXResourcesBuildPhase section */
		A543D25524D81E1E00A6F764 /* Resources */ = {
			isa = PBXResourcesBuildPhase;
			buildActionMask = 2147483647;
			files = (
				A543D26724D81E1F00A6F764 /* LaunchScreen.storyboard in Resources */,
				A543D26424D81E1F00A6F764 /* Assets.xcassets in Resources */,
				A543D26224D81E1E00A6F764 /* Main.storyboard in Resources */,
			);
			runOnlyForDeploymentPostprocessing = 0;
		};
/* End PBXResourcesBuildPhase section */

/* Begin PBXSourcesBuildPhase section */
		A543D25324D81E1E00A6F764 /* Sources */ = {
			isa = PBXSourcesBuildPhase;
			buildActionMask = 2147483647;
			files = (
				A543D27124D820C400A6F764 /* SecondViewController.swift in Sources */,
				A543D25F24D81E1E00A6F764 /* FirstViewController.swift in Sources */,
				A543D25B24D81E1E00A6F764 /* AppDelegate.swift in Sources */,
				A543D25D24D81E1E00A6F764 /* SceneDelegate.swift in Sources */,
			);
			runOnlyForDeploymentPostprocessing = 0;
		};
/* End PBXSourcesBuildPhase section */

/* Begin PBXVariantGroup section */
		A543D26024D81E1E00A6F764 /* Main.storyboard */ = {
			isa = PBXVariantGroup;
			children = (
				A543D26124D81E1E00A6F764 /* Base */,
			);
			name = Main.storyboard;
			sourceTree = "<group>";
		};
		A543D26524D81E1F00A6F764 /* LaunchScreen.storyboard */ = {
			isa = PBXVariantGroup;
			children = (
				A543D26624D81E1F00A6F764 /* Base */,
			);
			name = LaunchScreen.storyboard;
			sourceTree = "<group>";
		};
/* End PBXVariantGroup section */

/* Begin XCBuildConfiguration section */
		A543D26924D81E1F00A6F764 /* Debug */ = {
			isa = XCBuildConfiguration;
			buildSettings = {
				ALWAYS_SEARCH_USER_PATHS = NO;
				CLANG_ANALYZER_NONNULL = YES;
				CLANG_ANALYZER_NUMBER_OBJECT_CONVERSION = YES_AGGRESSIVE;
				CLANG_CXX_LANGUAGE_STANDARD = "gnu++14";
				CLANG_CXX_LIBRARY = "libc++";
				CLANG_ENABLE_MODULES = YES;
				CLANG_ENABLE_OBJC_ARC = YES;
				CLANG_ENABLE_OBJC_WEAK = YES;
				CLANG_WARN_BLOCK_CAPTURE_AUTORELEASING = YES;
				CLANG_WARN_BOOL_CONVERSION = YES;
				CLANG_WARN_COMMA = YES;
				CLANG_WARN_CONSTANT_CONVERSION = YES;
				CLANG_WARN_DEPRECATED_OBJC_IMPLEMENTATIONS = YES;
				CLANG_WARN_DIRECT_OBJC_ISA_USAGE = YES_ERROR;
				CLANG_WARN_DOCUMENTATION_COMMENTS = YES;
				CLANG_WARN_EMPTY_BODY = YES;
				CLANG_WARN_ENUM_CONVERSION = YES;
				CLANG_WARN_INFINITE_RECURSION = YES;
				CLANG_WARN_INT_CONVERSION = YES;
				CLANG_WARN_NON_LITERAL_NULL_CONVERSION = YES;
				CLANG_WARN_OBJC_IMPLICIT_RETAIN_SELF = YES;
				CLANG_WARN_OBJC_LITERAL_CONVERSION = YES;
				CLANG_WARN_OBJC_ROOT_CLASS = YES_ERROR;
				CLANG_WARN_RANGE_LOOP_ANALYSIS = YES;
				CLANG_WARN_STRICT_PROTOTYPES = YES;
				CLANG_WARN_SUSPICIOUS_MOVE = YES;
				CLANG_WARN_UNGUARDED_AVAILABILITY = YES_AGGRESSIVE;
				CLANG_WARN_UNREACHABLE_CODE = YES;
				CLANG_WARN__DUPLICATE_METHOD_MATCH = YES;
				COPY_PHASE_STRIP = NO;
				DEBUG_INFORMATION_FORMAT = dwarf;
				ENABLE_STRICT_OBJC_MSGSEND = YES;
				ENABLE_TESTABILITY = YES;
				GCC_C_LANGUAGE_STANDARD = gnu11;
				GCC_DYNAMIC_NO_PIC = NO;
				GCC_NO_COMMON_BLOCKS = YES;
				GCC_OPTIMIZATION_LEVEL = 0;
				GCC_PREPROCESSOR_DEFINITIONS = (
					"DEBUG=1",
					"$(inherited)",
				);
				GCC_WARN_64_TO_32_BIT_CONVERSION = YES;
				GCC_WARN_ABOUT_RETURN_TYPE = YES_ERROR;
				GCC_WARN_UNDECLARED_SELECTOR = YES;
				GCC_WARN_UNINITIALIZED_AUTOS = YES_AGGRESSIVE;
				GCC_WARN_UNUSED_FUNCTION = YES;
				GCC_WARN_UNUSED_VARIABLE = YES;
				IPHONEOS_DEPLOYMENT_TARGET = 13.2;
				MTL_ENABLE_DEBUG_INFO = INCLUDE_SOURCE;
				MTL_FAST_MATH = YES;
				ONLY_ACTIVE_ARCH = YES;
				SDKROOT = iphoneos;
				SWIFT_ACTIVE_COMPILATION_CONDITIONS = DEBUG;
				SWIFT_OPTIMIZATION_LEVEL = "-Onone";
			};
			name = Debug;
		};
		A543D26A24D81E1F00A6F764 /* Release */ = {
			isa = XCBuildConfiguration;
			buildSettings = {
				ALWAYS_SEARCH_USER_PATHS = NO;
				CLANG_ANALYZER_NONNULL = YES;
				CLANG_ANALYZER_NUMBER_OBJECT_CONVERSION = YES_AGGRESSIVE;
				CLANG_CXX_LANGUAGE_STANDARD = "gnu++14";
				CLANG_CXX_LIBRARY = "libc++";
				CLANG_ENABLE_MODULES = YES;
				CLANG_ENABLE_OBJC_ARC = YES;
				CLANG_ENABLE_OBJC_WEAK = YES;
				CLANG_WARN_BLOCK_CAPTURE_AUTORELEASING = YES;
				CLANG_WARN_BOOL_CONVERSION = YES;
				CLANG_WARN_COMMA = YES;
				CLANG_WARN_CONSTANT_CONVERSION = YES;
				CLANG_WARN_DEPRECATED_OBJC_IMPLEMENTATIONS = YES;
				CLANG_WARN_DIRECT_OBJC_ISA_USAGE = YES_ERROR;
				CLANG_WARN_DOCUMENTATION_COMMENTS = YES;
				CLANG_WARN_EMPTY_BODY = YES;
				CLANG_WARN_ENUM_CONVERSION = YES;
				CLANG_WARN_INFINITE_RECURSION = YES;
				CLANG_WARN_INT_CONVERSION = YES;
				CLANG_WARN_NON_LITERAL_NULL_CONVERSION = YES;
				CLANG_WARN_OBJC_IMPLICIT_RETAIN_SELF = YES;
				CLANG_WARN_OBJC_LITERAL_CONVERSION = YES;
				CLANG_WARN_OBJC_ROOT_CLASS = YES_ERROR;
				CLANG_WARN_RANGE_LOOP_ANALYSIS = YES;
				CLANG_WARN_STRICT_PROTOTYPES = YES;
				CLANG_WARN_SUSPICIOUS_MOVE = YES;
				CLANG_WARN_UNGUARDED_AVAILABILITY = YES_AGGRESSIVE;
				CLANG_WARN_UNREACHABLE_CODE = YES;
				CLANG_WARN__DUPLICATE_METHOD_MATCH = YES;
				COPY_PHASE_STRIP = NO;
				DEBUG_INFORMATION_FORMAT = "dwarf-with-dsym";
				ENABLE_NS_ASSERTIONS = NO;
				ENABLE_STRICT_OBJC_MSGSEND = YES;
				GCC_C_LANGUAGE_STANDARD = gnu11;
				GCC_NO_COMMON_BLOCKS = YES;
				GCC_WARN_64_TO_32_BIT_CONVERSION = YES;
				GCC_WARN_ABOUT_RETURN_TYPE = YES_ERROR;
				GCC_WARN_UNDECLARED_SELECTOR = YES;
				GCC_WARN_UNINITIALIZED_AUTOS = YES_AGGRESSIVE;
				GCC_WARN_UNUSED_FUNCTION = YES;
				GCC_WARN_UNUSED_VARIABLE = YES;
				IPHONEOS_DEPLOYMENT_TARGET = 13.2;
				MTL_ENABLE_DEBUG_INFO = NO;
				MTL_FAST_MATH = YES;
				SDKROOT = iphoneos;
				SWIFT_COMPILATION_MODE = wholemodule;
				SWIFT_OPTIMIZATION_LEVEL = "-O";
				VALIDATE_PRODUCT = YES;
			};
			name = Release;
		};
		A543D26C24D81E1F00A6F764 /* Debug */ = {
			isa = XCBuildConfiguration;
			buildSettings = {
				ASSETCATALOG_COMPILER_APPICON_NAME = AppIcon;
				CODE_SIGN_STYLE = Automatic;
				INFOPLIST_FILE = "Data Transfer/Info.plist";
				LD_RUNPATH_SEARCH_PATHS = (
					"$(inherited)",
					"@executable_path/Frameworks",
				);
				PRODUCT_BUNDLE_IDENTIFIER = "com.berupu.Data-Transfer";
				PRODUCT_NAME = "$(TARGET_NAME)";
				SWIFT_VERSION = 5.0;
				TARGETED_DEVICE_FAMILY = "1,2";
			};
			name = Debug;
		};
		A543D26D24D81E1F00A6F764 /* Release */ = {
			isa = XCBuildConfiguration;
			buildSettings = {
				ASSETCATALOG_COMPILER_APPICON_NAME = AppIcon;
				CODE_SIGN_STYLE = Automatic;
				INFOPLIST_FILE = "Data Transfer/Info.plist";
				LD_RUNPATH_SEARCH_PATHS = (
					"$(inherited)",
					"@executable_path/Frameworks",
				);
				PRODUCT_BUNDLE_IDENTIFIER = "com.berupu.Data-Transfer";
				PRODUCT_NAME = "$(TARGET_NAME)";
				SWIFT_VERSION = 5.0;
				TARGETED_DEVICE_FAMILY = "1,2";
			};
			name = Release;
		};
/* End XCBuildConfiguration section */

/* Begin XCConfigurationList section */
		A543D25224D81E1E00A6F764 /* Build configuration list for PBXProject "Data Transfer" */ = {
			isa = XCConfigurationList;
			buildConfigurations = (
				A543D26924D81E1F00A6F764 /* Debug */,
				A543D26A24D81E1F00A6F764 /* Release */,
			);
			defaultConfigurationIsVisible = 0;
			defaultConfigurationName = Release;
		};
		A543D26B24D81E1F00A6F764 /* Build configuration list for PBXNativeTarget "Data Transfer" */ = {
			isa = XCConfigurationList;
			buildConfigurations = (
				A543D26C24D81E1F00A6F764 /* Debug */,
				A543D26D24D81E1F00A6F764 /* Release */,
			);
			defaultConfigurationIsVisible = 0;
			defaultConfigurationName = Release;
		};
/* End XCConfigurationList section */
	};
	rootObject = A543D24F24D81E1E00A6F764 /* Project object */;
}
